
Microsoft Visual Studio Solution File, Format Version 11.00
# Visual Studio 2010
Project("{FAE04EC0-301F-11D3-BF4B-00C04F79EFBC}") = "GraphLib", "GraphLib\GraphLib.csproj", "{E59E66C3-450A-49A0-9EFC-6C8F0A4E5537}"
EndProject
Project("{FAE04EC0-301F-11D3-BF4B-00C04F79EFBC}") = "Graph3DLib", "Graph3DLib\Graph3DLib.csproj", "{005F7861-01C0-41EB-8976-E75A2ECD9C48}"
EndProject
Global
	GlobalSection(SolutionConfigurationPlatforms) = preSolution
		Debug|Any CPU = Debug|Any CPU
		Debug|Mixed Platforms = Debug|Mixed Platforms
		Debug|x86 = Debug|x86
		Release|Any CPU = Release|Any CPU
		Release|Mixed Platforms = Release|Mixed Platforms
		Release|x86 = Release|x86
	EndGlobalSection
	GlobalSection(ProjectConfigurationPlatforms) = postSolution
		{E59E66C3-450A-49A0-9EFC-6C8F0A4E5537}.Debug|Any CPU.ActiveCfg = Debug|Any CPU
		{E59E66C3-450A-49A0-9EFC-6C8F0A4E5537}.Debug|Any CPU.Build.0 = Debug|Any CPU
		{E59E66C3-450A-49A0-9EFC-6C8F0A4E5537}.Debug|Mixed Platforms.ActiveCfg = Release|Any CPU
		{E59E66C3-450A-49A0-9EFC-6C8F0A4E5537}.Debug|Mixed Platforms.Build.0 = Release|Any CPU
		{E59E66C3-450A-49A0-9EFC-6C8F0A4E5537}.Debug|x86.ActiveCfg = Debug|Any CPU
		{E59E66C3-450A-49A0-9EFC-6C8F0A4E5537}.Release|Any CPU.ActiveCfg = Release|Any CPU
		{E59E66C3-450A-49A0-9EFC-6C8F0A4E5537}.Release|Any CPU.Build.0 = Release|Any CPU
		{E59E66C3-450A-49A0-9EFC-6C8F0A4E5537}.Release|Mixed Platforms.ActiveCfg = Release|Any CPU
		{E59E66C3-450A-49A0-9EFC-6C8F0A4E5537}.Release|Mixed Platforms.Build.0 = Release|Any CPU
		{E59E66C3-450A-49A0-9EFC-6C8F0A4E5537}.Release|x86.ActiveCfg = Release|Any CPU
		{E59E66C3-450A-49A0-9EFC-6C8F0A4E5537}.Release|x86.Build.0 = Release|Any CPU
		{005F7861-01C0-41EB-8976-E75A2ECD9C48}.Debug|Any CPU.ActiveCfg = Debug|Any CPU
		{005F7861-01C0-41EB-8976-E75A2ECD9C48}.Debug|Any CPU.Build.0 = Debug|Any CPU
		{005F7861-01C0-41EB-8976-E75A2ECD9C48}.Debug|Mixed Platforms.ActiveCfg = Release|Any CPU
		{005F7861-01C0-41EB-8976-E75A2ECD9C48}.Debug|Mixed Platforms.Build.0 = Release|Any CPU
		{005F7861-01C0-41EB-8976-E75A2ECD9C48}.Debug|x86.ActiveCfg = Debug|Any CPU
		{005F7861-01C0-41EB-8976-E75A2ECD9C48}.Release|Any CPU.ActiveCfg = Release|Any CPU
		{005F7861-01C0-41EB-8976-E75A2ECD9C48}.Release|Any CPU.Build.0 = Release|Any CPU
		{005F7861-01C0-41EB-8976-E75A2ECD9C48}.Release|Mixed Platforms.ActiveCfg = Release|Any CPU
		{005F7861-01C0-41EB-8976-E75A2ECD9C48}.Release|Mixed Platforms.Build.0 = Release|Any CPU
		{005F7861-01C0-41EB-8976-E75A2ECD9C48}.Release|x86.ActiveCfg = Release|Any CPU
		{005F7861-01C0-41EB-8976-E75A2ECD9C48}.Release|x86.Build.0 = Release|Any CPU
	EndGlobalSection
	GlobalSection(SolutionProperties) = preSolution
		HideSolutionNode = FALSE
	EndGlobalSection
EndGlobal
